
Microsoft Visual Studio Solution File, Format Version 12.00
# Visual Studio Version 16
VisualStudioVersion = 16.0.31613.86
MinimumVisualStudioVersion = 10.0.40219.1
Project("{FAE04EC0-301F-11D3-BF4B-00C04F79EFBC}") = "Laboratorio08", "Laboratorio08\Laboratorio08.csproj", "{75633571-7EFE-4B0A-8C54-19B98E29FA13}"
EndProject
Global
	GlobalSection(SolutionConfigurationPlatforms) = preSolution
		Debug|Any CPU = Debug|Any CPU
		Release|Any CPU = Release|Any CPU
	EndGlobalSection
	GlobalSection(ProjectConfigurationPlatforms) = postSolution
		{75633571-7EFE-4B0A-8C54-19B98E29FA13}.Debug|Any CPU.ActiveCfg = Debug|Any CPU
		{75633571-7EFE-4B0A-8C54-19B98E29FA13}.Debug|Any CPU.Build.0 = Debug|Any CPU
		{75633571-7EFE-4B0A-8C54-19B98E29FA13}.Release|Any CPU.ActiveCfg = Release|Any CPU
		{75633571-7EFE-4B0A-8C54-19B98E29FA13}.Release|Any CPU.Build.0 = Release|Any CPU
	EndGlobalSection
	GlobalSection(SolutionProperties) = preSolution
		HideSolutionNode = FALSE
	EndGlobalSection
	GlobalSection(ExtensibilityGlobals) = postSolution
		SolutionGuid = {AECF8D30-4C2F-4E4C-9515-658A119009B1}
	EndGlobalSection
EndGlobal
